
Microsoft Visual Studio Solution File, Format Version 12.00
# Visual Studio Version 17
VisualStudioVersion = 17.6.33815.320
MinimumVisualStudioVersion = 10.0.40219.1
Project("{2150E333-8FDC-42A3-9474-1A3956D46DE8}") = "src", "src", "{B6501666-AA85-418D-BE18-5D09BC29D3D3}"
EndProject
Project("{2150E333-8FDC-42A3-9474-1A3956D46DE8}") = "API", "API", "{42432579-C41F-4937-B845-C9EC84D92363}"
EndProject
Project("{9A19103F-16F7-4668-BE54-9A1E7A4F7556}") = "DevSkill.Api", "DevSkill.Api\DevSkill.Api.csproj", "{CC9B3EB4-1017-4008-B109-D32CD9CCCD14}"
EndProject
Project("{2150E333-8FDC-42A3-9474-1A3956D46DE8}") = "Core", "Core", "{E466C87F-5C8C-4199-950A-709845623387}"
EndProject
Project("{9A19103F-16F7-4668-BE54-9A1E7A4F7556}") = "DevSkill.Domain", "DevSkill.Domain\DevSkill.Domain.csproj", "{18C57737-5B75-43A7-BD90-366C749D141F}"
EndProject
Project("{9A19103F-16F7-4668-BE54-9A1E7A4F7556}") = "DevSkill.Application", "DevSkill.Application\DevSkill.Application.csproj", "{D6C7DCA3-9277-48B4-884A-F75AE9061BC0}"
EndProject
Project("{2150E333-8FDC-42A3-9474-1A3956D46DE8}") = "Infrastructure", "Infrastructure", "{F8205B1D-BB78-45F4-8F65-D633BD396633}"
EndProject
Project("{9A19103F-16F7-4668-BE54-9A1E7A4F7556}") = "DevSkill.Persistence", "DevSkill.Persistence\DevSkill.Persistence.csproj", "{F578B024-61FF-4FBE-AC10-6A30BFFC82CF}"
EndProject
Project("{2150E333-8FDC-42A3-9474-1A3956D46DE8}") = "UI", "UI", "{9E3632BD-5573-424C-B6E8-603D0EB6A1EB}"
EndProject
Project("{FAE04EC0-301F-11D3-BF4B-00C04F79EFBC}") = "DevSkill.Identity", "DevSkill.Identity\DevSkill.Identity.csproj", "{5518925C-EBDC-4717-8AA1-45678FECF66F}"
EndProject
Project("{FAE04EC0-301F-11D3-BF4B-00C04F79EFBC}") = "DevSkill.App", "DevSkill.App\DevSkill.App.csproj", "{8C21D620-9DE9-4DDE-8A3D-8D823734297A}"
EndProject
Global
	GlobalSection(SolutionConfigurationPlatforms) = preSolution
		Debug|Any CPU = Debug|Any CPU
		Release|Any CPU = Release|Any CPU
	EndGlobalSection
	GlobalSection(ProjectConfigurationPlatforms) = postSolution
		{CC9B3EB4-1017-4008-B109-D32CD9CCCD14}.Debug|Any CPU.ActiveCfg = Debug|Any CPU
		{CC9B3EB4-1017-4008-B109-D32CD9CCCD14}.Debug|Any CPU.Build.0 = Debug|Any CPU
		{CC9B3EB4-1017-4008-B109-D32CD9CCCD14}.Release|Any CPU.ActiveCfg = Release|Any CPU
		{CC9B3EB4-1017-4008-B109-D32CD9CCCD14}.Release|Any CPU.Build.0 = Release|Any CPU
		{18C57737-5B75-43A7-BD90-366C749D141F}.Debug|Any CPU.ActiveCfg = Debug|Any CPU
		{18C57737-5B75-43A7-BD90-366C749D141F}.Debug|Any CPU.Build.0 = Debug|Any CPU
		{18C57737-5B75-43A7-BD90-366C749D141F}.Release|Any CPU.ActiveCfg = Release|Any CPU
		{18C57737-5B75-43A7-BD90-366C749D141F}.Release|Any CPU.Build.0 = Release|Any CPU
		{D6C7DCA3-9277-48B4-884A-F75AE9061BC0}.Debug|Any CPU.ActiveCfg = Debug|Any CPU
		{D6C7DCA3-9277-48B4-884A-F75AE9061BC0}.Debug|Any CPU.Build.0 = Debug|Any CPU
		{D6C7DCA3-9277-48B4-884A-F75AE9061BC0}.Release|Any CPU.ActiveCfg = Release|Any CPU
		{D6C7DCA3-9277-48B4-884A-F75AE9061BC0}.Release|Any CPU.Build.0 = Release|Any CPU
		{F578B024-61FF-4FBE-AC10-6A30BFFC82CF}.Debug|Any CPU.ActiveCfg = Debug|Any CPU
		{F578B024-61FF-4FBE-AC10-6A30BFFC82CF}.Debug|Any CPU.Build.0 = Debug|Any CPU
		{F578B024-61FF-4FBE-AC10-6A30BFFC82CF}.Release|Any CPU.ActiveCfg = Release|Any CPU
		{F578B024-61FF-4FBE-AC10-6A30BFFC82CF}.Release|Any CPU.Build.0 = Release|Any CPU
		{5518925C-EBDC-4717-8AA1-45678FECF66F}.Debug|Any CPU.ActiveCfg = Debug|Any CPU
		{5518925C-EBDC-4717-8AA1-45678FECF66F}.Debug|Any CPU.Build.0 = Debug|Any CPU
		{5518925C-EBDC-4717-8AA1-45678FECF66F}.Release|Any CPU.ActiveCfg = Release|Any CPU
		{5518925C-EBDC-4717-8AA1-45678FECF66F}.Release|Any CPU.Build.0 = Release|Any CPU
		{8C21D620-9DE9-4DDE-8A3D-8D823734297A}.Debug|Any CPU.ActiveCfg = Debug|Any CPU
		{8C21D620-9DE9-4DDE-8A3D-8D823734297A}.Debug|Any CPU.Build.0 = Debug|Any CPU
		{8C21D620-9DE9-4DDE-8A3D-8D823734297A}.Release|Any CPU.ActiveCfg = Release|Any CPU
		{8C21D620-9DE9-4DDE-8A3D-8D823734297A}.Release|Any CPU.Build.0 = Release|Any CPU
	EndGlobalSection
	GlobalSection(SolutionProperties) = preSolution
		HideSolutionNode = FALSE
	EndGlobalSection
	GlobalSection(NestedProjects) = preSolution
		{42432579-C41F-4937-B845-C9EC84D92363} = {B6501666-AA85-418D-BE18-5D09BC29D3D3}
		{CC9B3EB4-1017-4008-B109-D32CD9CCCD14} = {42432579-C41F-4937-B845-C9EC84D92363}
		{E466C87F-5C8C-4199-950A-709845623387} = {B6501666-AA85-418D-BE18-5D09BC29D3D3}
		{18C57737-5B75-43A7-BD90-366C749D141F} = {E466C87F-5C8C-4199-950A-709845623387}
		{D6C7DCA3-9277-48B4-884A-F75AE9061BC0} = {E466C87F-5C8C-4199-950A-709845623387}
		{F8205B1D-BB78-45F4-8F65-D633BD396633} = {B6501666-AA85-418D-BE18-5D09BC29D3D3}
		{F578B024-61FF-4FBE-AC10-6A30BFFC82CF} = {F8205B1D-BB78-45F4-8F65-D633BD396633}
		{9E3632BD-5573-424C-B6E8-603D0EB6A1EB} = {B6501666-AA85-418D-BE18-5D09BC29D3D3}
		{5518925C-EBDC-4717-8AA1-45678FECF66F} = {F8205B1D-BB78-45F4-8F65-D633BD396633}
		{8C21D620-9DE9-4DDE-8A3D-8D823734297A} = {9E3632BD-5573-424C-B6E8-603D0EB6A1EB}
	EndGlobalSection
	GlobalSection(ExtensibilityGlobals) = postSolution
		SolutionGuid = {D5BB39E0-68C9-4D95-A6B2-2E5A0EDD58C0}
	EndGlobalSection
EndGlobal
