
Microsoft Visual Studio Solution File, Format Version 12.00
# Visual Studio Version 17
VisualStudioVersion = 17.6.33815.320
MinimumVisualStudioVersion = 10.0.40219.1
Project("{2150E333-8FDC-42A3-9474-1A3956D46DE8}") = "src", "src", "{B6501666-AA85-418D-BE18-5D09BC29D3D3}"
EndProject
Project("{2150E333-8FDC-42A3-9474-1A3956D46DE8}") = "API", "API", "{42432579-C41F-4937-B845-C9EC84D92363}"
EndProject
Project("{9A19103F-16F7-4668-BE54-9A1E7A4F7556}") = "DevSkill.Catalog.Api", "src\Services\Catalog\DevSkill.Catalog.Api\DevSkill.Catalog.Api.csproj", "{CC9B3EB4-1017-4008-B109-D32CD9CCCD14}"
EndProject
Project("{2150E333-8FDC-42A3-9474-1A3956D46DE8}") = "Core", "Core", "{E466C87F-5C8C-4199-950A-709845623387}"
EndProject
Project("{9A19103F-16F7-4668-BE54-9A1E7A4F7556}") = "DevSkill.Catalog.Domain", "src\Services\Catalog\DevSkill.Catalog.Domain\DevSkill.Catalog.Domain.csproj", "{18C57737-5B75-43A7-BD90-366C749D141F}"
EndProject
Project("{9A19103F-16F7-4668-BE54-9A1E7A4F7556}") = "DevSkill.Catalog.Application", "src\Services\Catalog\DevSkill.Catalog.Application\DevSkill.Catalog.Application.csproj", "{D6C7DCA3-9277-48B4-884A-F75AE9061BC0}"
EndProject
Project("{2150E333-8FDC-42A3-9474-1A3956D46DE8}") = "Infrastructure", "Infrastructure", "{F8205B1D-BB78-45F4-8F65-D633BD396633}"
EndProject
Project("{9A19103F-16F7-4668-BE54-9A1E7A4F7556}") = "DevSkill.Catalog.Persistence", "src\Services\Catalog\DevSkill.Catalog.Persistence\DevSkill.Catalog.Persistence.csproj", "{F578B024-61FF-4FBE-AC10-6A30BFFC82CF}"
EndProject
Project("{2150E333-8FDC-42A3-9474-1A3956D46DE8}") = "UI", "UI", "{9E3632BD-5573-424C-B6E8-603D0EB6A1EB}"
EndProject
Project("{9A19103F-16F7-4668-BE54-9A1E7A4F7556}") = "DevSkill.Identity", "src\Identity\DevSkill.Identity\DevSkill.Identity.csproj", "{5518925C-EBDC-4717-8AA1-45678FECF66F}"
EndProject
Project("{9A19103F-16F7-4668-BE54-9A1E7A4F7556}") = "DevSkill.App", "src\UI\DevSkill.App\DevSkill.App.csproj", "{8C21D620-9DE9-4DDE-8A3D-8D823734297A}"
EndProject
Project("{2150E333-8FDC-42A3-9474-1A3956D46DE8}") = "Services", "Services", "{BA771D8E-9E78-4568-8FE6-06BC739CD2C3}"
EndProject
Project("{2150E333-8FDC-42A3-9474-1A3956D46DE8}") = "Catalog", "Catalog", "{8F725172-51F1-4710-BD5A-F5580DA2E382}"
EndProject
Project("{2150E333-8FDC-42A3-9474-1A3956D46DE8}") = "Order", "Order", "{D0D684F4-58B2-46A4-B8C1-1C444BC9E1E8}"
EndProject
Project("{2150E333-8FDC-42A3-9474-1A3956D46DE8}") = "Identity", "Identity", "{C472041A-B7EC-4AA0-B5F1-AABD5282A448}"
EndProject
Project("{2150E333-8FDC-42A3-9474-1A3956D46DE8}") = "API", "API", "{3E21F820-9DEE-45BC-954D-B651EA252595}"
EndProject
Project("{9A19103F-16F7-4668-BE54-9A1E7A4F7556}") = "DevSkill.Order.API", "src\Services\Order\DevSkill.Order.API\DevSkill.Order.API.csproj", "{5B31E1D9-B10B-4F8C-A802-9D1DE04BB676}"
EndProject
Project("{2150E333-8FDC-42A3-9474-1A3956D46DE8}") = "Core", "Core", "{C00B6BE3-F554-469F-BECB-4DB603FA243B}"
EndProject
Project("{9A19103F-16F7-4668-BE54-9A1E7A4F7556}") = "DevSkill.Order.Application", "src\Services\Order\DevSkill.Order.Application\DevSkill.Order.Application.csproj", "{3273F17B-5A3D-4FCE-8416-677461E0F944}"
EndProject
Project("{9A19103F-16F7-4668-BE54-9A1E7A4F7556}") = "DevSkill.Order.Domain", "src\Services\Order\DevSkill.Order.Domain\DevSkill.Order.Domain.csproj", "{F5333877-FC5B-491F-A378-DD3B9A45A01A}"
EndProject
Project("{2150E333-8FDC-42A3-9474-1A3956D46DE8}") = "Infrastructure", "Infrastructure", "{FB82D196-9F34-4FC9-9F8B-56A7A7DEBCB2}"
EndProject
Global
	GlobalSection(SolutionConfigurationPlatforms) = preSolution
		Debug|Any CPU = Debug|Any CPU
		Release|Any CPU = Release|Any CPU
	EndGlobalSection
	GlobalSection(ProjectConfigurationPlatforms) = postSolution
		{CC9B3EB4-1017-4008-B109-D32CD9CCCD14}.Debug|Any CPU.ActiveCfg = Debug|Any CPU
		{CC9B3EB4-1017-4008-B109-D32CD9CCCD14}.Debug|Any CPU.Build.0 = Debug|Any CPU
		{CC9B3EB4-1017-4008-B109-D32CD9CCCD14}.Release|Any CPU.ActiveCfg = Release|Any CPU
		{CC9B3EB4-1017-4008-B109-D32CD9CCCD14}.Release|Any CPU.Build.0 = Release|Any CPU
		{18C57737-5B75-43A7-BD90-366C749D141F}.Debug|Any CPU.ActiveCfg = Debug|Any CPU
		{18C57737-5B75-43A7-BD90-366C749D141F}.Debug|Any CPU.Build.0 = Debug|Any CPU
		{18C57737-5B75-43A7-BD90-366C749D141F}.Release|Any CPU.ActiveCfg = Release|Any CPU
		{18C57737-5B75-43A7-BD90-366C749D141F}.Release|Any CPU.Build.0 = Release|Any CPU
		{D6C7DCA3-9277-48B4-884A-F75AE9061BC0}.Debug|Any CPU.ActiveCfg = Debug|Any CPU
		{D6C7DCA3-9277-48B4-884A-F75AE9061BC0}.Debug|Any CPU.Build.0 = Debug|Any CPU
		{D6C7DCA3-9277-48B4-884A-F75AE9061BC0}.Release|Any CPU.ActiveCfg = Release|Any CPU
		{D6C7DCA3-9277-48B4-884A-F75AE9061BC0}.Release|Any CPU.Build.0 = Release|Any CPU
		{F578B024-61FF-4FBE-AC10-6A30BFFC82CF}.Debug|Any CPU.ActiveCfg = Debug|Any CPU
		{F578B024-61FF-4FBE-AC10-6A30BFFC82CF}.Debug|Any CPU.Build.0 = Debug|Any CPU
		{F578B024-61FF-4FBE-AC10-6A30BFFC82CF}.Release|Any CPU.ActiveCfg = Release|Any CPU
		{F578B024-61FF-4FBE-AC10-6A30BFFC82CF}.Release|Any CPU.Build.0 = Release|Any CPU
		{5518925C-EBDC-4717-8AA1-45678FECF66F}.Debug|Any CPU.ActiveCfg = Debug|Any CPU
		{5518925C-EBDC-4717-8AA1-45678FECF66F}.Debug|Any CPU.Build.0 = Debug|Any CPU
		{5518925C-EBDC-4717-8AA1-45678FECF66F}.Release|Any CPU.ActiveCfg = Release|Any CPU
		{5518925C-EBDC-4717-8AA1-45678FECF66F}.Release|Any CPU.Build.0 = Release|Any CPU
		{8C21D620-9DE9-4DDE-8A3D-8D823734297A}.Debug|Any CPU.ActiveCfg = Debug|Any CPU
		{8C21D620-9DE9-4DDE-8A3D-8D823734297A}.Debug|Any CPU.Build.0 = Debug|Any CPU
		{8C21D620-9DE9-4DDE-8A3D-8D823734297A}.Release|Any CPU.ActiveCfg = Release|Any CPU
		{8C21D620-9DE9-4DDE-8A3D-8D823734297A}.Release|Any CPU.Build.0 = Release|Any CPU
		{5B31E1D9-B10B-4F8C-A802-9D1DE04BB676}.Debug|Any CPU.ActiveCfg = Debug|Any CPU
		{5B31E1D9-B10B-4F8C-A802-9D1DE04BB676}.Debug|Any CPU.Build.0 = Debug|Any CPU
		{5B31E1D9-B10B-4F8C-A802-9D1DE04BB676}.Release|Any CPU.ActiveCfg = Release|Any CPU
		{5B31E1D9-B10B-4F8C-A802-9D1DE04BB676}.Release|Any CPU.Build.0 = Release|Any CPU
		{3273F17B-5A3D-4FCE-8416-677461E0F944}.Debug|Any CPU.ActiveCfg = Debug|Any CPU
		{3273F17B-5A3D-4FCE-8416-677461E0F944}.Debug|Any CPU.Build.0 = Debug|Any CPU
		{3273F17B-5A3D-4FCE-8416-677461E0F944}.Release|Any CPU.ActiveCfg = Release|Any CPU
		{3273F17B-5A3D-4FCE-8416-677461E0F944}.Release|Any CPU.Build.0 = Release|Any CPU
		{F5333877-FC5B-491F-A378-DD3B9A45A01A}.Debug|Any CPU.ActiveCfg = Debug|Any CPU
		{F5333877-FC5B-491F-A378-DD3B9A45A01A}.Debug|Any CPU.Build.0 = Debug|Any CPU
		{F5333877-FC5B-491F-A378-DD3B9A45A01A}.Release|Any CPU.ActiveCfg = Release|Any CPU
		{F5333877-FC5B-491F-A378-DD3B9A45A01A}.Release|Any CPU.Build.0 = Release|Any CPU
	EndGlobalSection
	GlobalSection(SolutionProperties) = preSolution
		HideSolutionNode = FALSE
	EndGlobalSection
	GlobalSection(NestedProjects) = preSolution
		{42432579-C41F-4937-B845-C9EC84D92363} = {8F725172-51F1-4710-BD5A-F5580DA2E382}
		{CC9B3EB4-1017-4008-B109-D32CD9CCCD14} = {42432579-C41F-4937-B845-C9EC84D92363}
		{E466C87F-5C8C-4199-950A-709845623387} = {8F725172-51F1-4710-BD5A-F5580DA2E382}
		{18C57737-5B75-43A7-BD90-366C749D141F} = {E466C87F-5C8C-4199-950A-709845623387}
		{D6C7DCA3-9277-48B4-884A-F75AE9061BC0} = {E466C87F-5C8C-4199-950A-709845623387}
		{F8205B1D-BB78-45F4-8F65-D633BD396633} = {8F725172-51F1-4710-BD5A-F5580DA2E382}
		{F578B024-61FF-4FBE-AC10-6A30BFFC82CF} = {F8205B1D-BB78-45F4-8F65-D633BD396633}
		{9E3632BD-5573-424C-B6E8-603D0EB6A1EB} = {B6501666-AA85-418D-BE18-5D09BC29D3D3}
		{5518925C-EBDC-4717-8AA1-45678FECF66F} = {C472041A-B7EC-4AA0-B5F1-AABD5282A448}
		{8C21D620-9DE9-4DDE-8A3D-8D823734297A} = {9E3632BD-5573-424C-B6E8-603D0EB6A1EB}
		{BA771D8E-9E78-4568-8FE6-06BC739CD2C3} = {B6501666-AA85-418D-BE18-5D09BC29D3D3}
		{8F725172-51F1-4710-BD5A-F5580DA2E382} = {BA771D8E-9E78-4568-8FE6-06BC739CD2C3}
		{D0D684F4-58B2-46A4-B8C1-1C444BC9E1E8} = {BA771D8E-9E78-4568-8FE6-06BC739CD2C3}
		{C472041A-B7EC-4AA0-B5F1-AABD5282A448} = {B6501666-AA85-418D-BE18-5D09BC29D3D3}
		{3E21F820-9DEE-45BC-954D-B651EA252595} = {D0D684F4-58B2-46A4-B8C1-1C444BC9E1E8}
		{5B31E1D9-B10B-4F8C-A802-9D1DE04BB676} = {3E21F820-9DEE-45BC-954D-B651EA252595}
		{C00B6BE3-F554-469F-BECB-4DB603FA243B} = {D0D684F4-58B2-46A4-B8C1-1C444BC9E1E8}
		{3273F17B-5A3D-4FCE-8416-677461E0F944} = {C00B6BE3-F554-469F-BECB-4DB603FA243B}
		{F5333877-FC5B-491F-A378-DD3B9A45A01A} = {C00B6BE3-F554-469F-BECB-4DB603FA243B}
		{FB82D196-9F34-4FC9-9F8B-56A7A7DEBCB2} = {D0D684F4-58B2-46A4-B8C1-1C444BC9E1E8}
	EndGlobalSection
	GlobalSection(ExtensibilityGlobals) = postSolution
		SolutionGuid = {D5BB39E0-68C9-4D95-A6B2-2E5A0EDD58C0}
	EndGlobalSection
EndGlobal
